
Microsoft Visual Studio Solution File, Format Version 12.00
# Visual Studio Version 16
VisualStudioVersion = 16.0.30804.86
MinimumVisualStudioVersion = 10.0.40219.1
Project("{9A19103F-16F7-4668-BE54-9A1E7A4F7556}") = "FloodIt", "FloodIt\FloodIt.csproj", "{19D9558E-409A-47CD-A003-A792EA68C62D}"
EndProject
Project("{9A19103F-16F7-4668-BE54-9A1E7A4F7556}") = "FloodIt.Core", "FloodIt.Core\FloodIt.Core.csproj", "{0A0226EB-CDA7-48F4-B557-8D27EF899555}"
EndProject
Project("{9A19103F-16F7-4668-BE54-9A1E7A4F7556}") = "FloodIt.AI", "FloodIt.AI\FloodIt.AI.csproj", "{0B678290-B420-4BE7-A655-FF2D318C6A1F}"
EndProject
Global
	GlobalSection(SolutionConfigurationPlatforms) = preSolution
		Debug|Any CPU = Debug|Any CPU
		Release|Any CPU = Release|Any CPU
	EndGlobalSection
	GlobalSection(ProjectConfigurationPlatforms) = postSolution
		{19D9558E-409A-47CD-A003-A792EA68C62D}.Debug|Any CPU.ActiveCfg = Debug|Any CPU
		{19D9558E-409A-47CD-A003-A792EA68C62D}.Debug|Any CPU.Build.0 = Debug|Any CPU
		{19D9558E-409A-47CD-A003-A792EA68C62D}.Release|Any CPU.ActiveCfg = Release|Any CPU
		{19D9558E-409A-47CD-A003-A792EA68C62D}.Release|Any CPU.Build.0 = Release|Any CPU
		{0A0226EB-CDA7-48F4-B557-8D27EF899555}.Debug|Any CPU.ActiveCfg = Debug|Any CPU
		{0A0226EB-CDA7-48F4-B557-8D27EF899555}.Debug|Any CPU.Build.0 = Debug|Any CPU
		{0A0226EB-CDA7-48F4-B557-8D27EF899555}.Release|Any CPU.ActiveCfg = Release|Any CPU
		{0A0226EB-CDA7-48F4-B557-8D27EF899555}.Release|Any CPU.Build.0 = Release|Any CPU
		{0B678290-B420-4BE7-A655-FF2D318C6A1F}.Debug|Any CPU.ActiveCfg = Debug|Any CPU
		{0B678290-B420-4BE7-A655-FF2D318C6A1F}.Debug|Any CPU.Build.0 = Debug|Any CPU
		{0B678290-B420-4BE7-A655-FF2D318C6A1F}.Release|Any CPU.ActiveCfg = Release|Any CPU
		{0B678290-B420-4BE7-A655-FF2D318C6A1F}.Release|Any CPU.Build.0 = Release|Any CPU
	EndGlobalSection
	GlobalSection(SolutionProperties) = preSolution
		HideSolutionNode = FALSE
	EndGlobalSection
	GlobalSection(ExtensibilityGlobals) = postSolution
		SolutionGuid = {F71101CE-26D3-4C8A-9C73-19E08FD9C977}
	EndGlobalSection
EndGlobal
